
Microsoft Visual Studio Solution File, Format Version 12.00
# Visual Studio Version 16
VisualStudioVersion = 16.0.31911.196
MinimumVisualStudioVersion = 10.0.40219.1
Project("{FAE04EC0-301F-11D3-BF4B-00C04F79EFBC}") = "Lab2_AI-ML", "Lab2_AI-ML.csproj", "{E53CA86D-6E3D-4BC6-A125-632C5B134824}"
EndProject
Global
	GlobalSection(SolutionConfigurationPlatforms) = preSolution
		Debug|Any CPU = Debug|Any CPU
		Release|Any CPU = Release|Any CPU
	EndGlobalSection
	GlobalSection(ProjectConfigurationPlatforms) = postSolution
		{E53CA86D-6E3D-4BC6-A125-632C5B134824}.Debug|Any CPU.ActiveCfg = Debug|Any CPU
		{E53CA86D-6E3D-4BC6-A125-632C5B134824}.Debug|Any CPU.Build.0 = Debug|Any CPU
		{E53CA86D-6E3D-4BC6-A125-632C5B134824}.Release|Any CPU.ActiveCfg = Release|Any CPU
		{E53CA86D-6E3D-4BC6-A125-632C5B134824}.Release|Any CPU.Build.0 = Release|Any CPU
	EndGlobalSection
	GlobalSection(SolutionProperties) = preSolution
		HideSolutionNode = FALSE
	EndGlobalSection
	GlobalSection(ExtensibilityGlobals) = postSolution
		SolutionGuid = {15E7F1C3-42D7-4AC4-87E7-8154EACC1C55}
	EndGlobalSection
EndGlobal
